// !$*UTF8*$!
{
	archiveVersion = 1;
	classes = {
	};
	objectVersion = 50;
	objects = {

/* Begin PBXBuildFile section */
		6450BE2B264000E600041C2A /* GesturesApp.swift in Sources */ = {isa = PBXBuildFile; fileRef = 6450BE2A264000E600041C2A /* GesturesApp.swift */; };
		6450BE2F264000E700041C2A /* Assets.xcassets in Resources */ = {isa = PBXBuildFile; fileRef = 6450BE2E264000E700041C2A /* Assets.xcassets */; };
		6450BE32264000E700041C2A /* Preview Assets.xcassets in Resources */ = {isa = PBXBuildFile; fileRef = 6450BE31264000E700041C2A /* Preview Assets.xcassets */; };
		6450BE3D264000E700041C2A /* GesturesTests.swift in Sources */ = {isa = PBXBuildFile; fileRef = 6450BE3C264000E700041C2A /* GesturesTests.swift */; };
		6450BE48264000E700041C2A /* GesturesUITests.swift in Sources */ = {isa = PBXBuildFile; fileRef = 6450BE47264000E700041C2A /* GesturesUITests.swift */; };
		6450BE59264000F400041C2A /* Service.swift in Sources */ = {isa = PBXBuildFile; fileRef = 6450BE58264000F400041C2A /* Service.swift */; };
		6450BE612640011500041C2A /* Container.swift in Sources */ = {isa = PBXBuildFile; fileRef = 6450BE602640011500041C2A /* Container.swift */; };
		6450BE662640011D00041C2A /* Main.swift in Sources */ = {isa = PBXBuildFile; fileRef = 6450BE652640011D00041C2A /* Main.swift */; };
		6450BE6B2640012B00041C2A /* HomePage.swift in Sources */ = {isa = PBXBuildFile; fileRef = 6450BE6A2640012B00041C2A /* HomePage.swift */; };
		6450BE70264001A700041C2A /* Models.swift in Sources */ = {isa = PBXBuildFile; fileRef = 6450BE6F264001A700041C2A /* Models.swift */; };
		6450BE7B26401A0E00041C2A /* Themes.swift in Sources */ = {isa = PBXBuildFile; fileRef = 6450BE7A26401A0E00041C2A /* Themes.swift */; };
/* End PBXBuildFile section */

/* Begin PBXContainerItemProxy section */
		6450BE39264000E700041C2A /* PBXContainerItemProxy */ = {
			isa = PBXContainerItemProxy;
			containerPortal = 6450BE1F264000E600041C2A /* Project object */;
			proxyType = 1;
			remoteGlobalIDString = 6450BE26264000E600041C2A;
			remoteInfo = Gestures;
		};
		6450BE44264000E700041C2A /* PBXContainerItemProxy */ = {
			isa = PBXContainerItemProxy;
			containerPortal = 6450BE1F264000E600041C2A /* Project object */;
			proxyType = 1;
			remoteGlobalIDString = 6450BE26264000E600041C2A;
			remoteInfo = Gestures;
		};
/* End PBXContainerItemProxy section */

/* Begin PBXFileReference section */
		6450BE27264000E600041C2A /* Gestures.app */ = {isa = PBXFileReference; explicitFileType = wrapper.application; includeInIndex = 0; path = Gestures.app; sourceTree = BUILT_PRODUCTS_DIR; };
		6450BE2A264000E600041C2A /* GesturesApp.swift */ = {isa = PBXFileReference; lastKnownFileType = sourcecode.swift; path = GesturesApp.swift; sourceTree = "<group>"; };
		6450BE2E264000E700041C2A /* Assets.xcassets */ = {isa = PBXFileReference; lastKnownFileType = folder.assetcatalog; path = Assets.xcassets; sourceTree = "<group>"; };
		6450BE31264000E700041C2A /* Preview Assets.xcassets */ = {isa = PBXFileReference; lastKnownFileType = folder.assetcatalog; path = "Preview Assets.xcassets"; sourceTree = "<group>"; };
		6450BE33264000E700041C2A /* Info.plist */ = {isa = PBXFileReference; lastKnownFileType = text.plist.xml; path = Info.plist; sourceTree = "<group>"; };
		6450BE38264000E700041C2A /* GesturesTests.xctest */ = {isa = PBXFileReference; explicitFileType = wrapper.cfbundle; includeInIndex = 0; path = GesturesTests.xctest; sourceTree = BUILT_PRODUCTS_DIR; };
		6450BE3C264000E700041C2A /* GesturesTests.swift */ = {isa = PBXFileReference; lastKnownFileType = sourcecode.swift; path = GesturesTests.swift; sourceTree = "<group>"; };
		6450BE3E264000E700041C2A /* Info.plist */ = {isa = PBXFileReference; lastKnownFileType = text.plist.xml; path = Info.plist; sourceTree = "<group>"; };
		6450BE43264000E700041C2A /* GesturesUITests.xctest */ = {isa = PBXFileReference; explicitFileType = wrapper.cfbundle; includeInIndex = 0; path = GesturesUITests.xctest; sourceTree = BUILT_PRODUCTS_DIR; };
		6450BE47264000E700041C2A /* GesturesUITests.swift */ = {isa = PBXFileReference; lastKnownFileType = sourcecode.swift; path = GesturesUITests.swift; sourceTree = "<group>"; };
		6450BE49264000E700041C2A /* Info.plist */ = {isa = PBXFileReference; lastKnownFileType = text.plist.xml; path = Info.plist; sourceTree = "<group>"; };
		6450BE58264000F400041C2A /* Service.swift */ = {isa = PBXFileReference; lastKnownFileType = sourcecode.swift; path = Service.swift; sourceTree = "<group>"; };
		6450BE602640011500041C2A /* Container.swift */ = {isa = PBXFileReference; lastKnownFileType = sourcecode.swift; path = Container.swift; sourceTree = "<group>"; };
		6450BE652640011D00041C2A /* Main.swift */ = {isa = PBXFileReference; lastKnownFileType = sourcecode.swift; path = Main.swift; sourceTree = "<group>"; };
		6450BE6A2640012B00041C2A /* HomePage.swift */ = {isa = PBXFileReference; lastKnownFileType = sourcecode.swift; path = HomePage.swift; sourceTree = "<group>"; };
		6450BE6F264001A700041C2A /* Models.swift */ = {isa = PBXFileReference; lastKnownFileType = sourcecode.swift; path = Models.swift; sourceTree = "<group>"; };
		6450BE7A26401A0E00041C2A /* Themes.swift */ = {isa = PBXFileReference; lastKnownFileType = sourcecode.swift; path = Themes.swift; sourceTree = "<group>"; };
/* End PBXFileReference section */

/* Begin PBXFrameworksBuildPhase section */
		6450BE24264000E600041C2A /* Frameworks */ = {
			isa = PBXFrameworksBuildPhase;
			buildActionMask = 2147483647;
			files = (
			);
			runOnlyForDeploymentPostprocessing = 0;
		};
		6450BE35264000E700041C2A /* Frameworks */ = {
			isa = PBXFrameworksBuildPhase;
			buildActionMask = 2147483647;
			files = (
			);
			runOnlyForDeploymentPostprocessing = 0;
		};
		6450BE40264000E700041C2A /* Frameworks */ = {
			isa = PBXFrameworksBuildPhase;
			buildActionMask = 2147483647;
			files = (
			);
			runOnlyForDeploymentPostprocessing = 0;
		};
/* End PBXFrameworksBuildPhase section */

/* Begin PBXGroup section */
		6450BE1E264000E600041C2A = {
			isa = PBXGroup;
			children = (
				6450BE29264000E600041C2A /* Gestures */,
				6450BE3B264000E700041C2A /* GesturesTests */,
				6450BE46264000E700041C2A /* GesturesUITests */,
				6450BE28264000E600041C2A /* Products */,
			);
			sourceTree = "<group>";
		};
		6450BE28264000E600041C2A /* Products */ = {
			isa = PBXGroup;
			children = (
				6450BE27264000E600041C2A /* Gestures.app */,
				6450BE38264000E700041C2A /* GesturesTests.xctest */,
				6450BE43264000E700041C2A /* GesturesUITests.xctest */,
			);
			name = Products;
			sourceTree = "<group>";
		};
		6450BE29264000E600041C2A /* Gestures */ = {
			isa = PBXGroup;
			children = (
				6450BE2A264000E600041C2A /* GesturesApp.swift */,
				6450BE602640011500041C2A /* Container.swift */,
				6450BE652640011D00041C2A /* Main.swift */,
				6450BE6A2640012B00041C2A /* HomePage.swift */,
				6450BE6F264001A700041C2A /* Models.swift */,
				6450BE58264000F400041C2A /* Service.swift */,
				6450BE7A26401A0E00041C2A /* Themes.swift */,
				6450BE2E264000E700041C2A /* Assets.xcassets */,
				6450BE33264000E700041C2A /* Info.plist */,
				6450BE30264000E700041C2A /* Preview Content */,
			);
			path = Gestures;
			sourceTree = "<group>";
		};
		6450BE30264000E700041C2A /* Preview Content */ = {
			isa = PBXGroup;
			children = (
				6450BE31264000E700041C2A /* Preview Assets.xcassets */,
			);
			path = "Preview Content";
			sourceTree = "<group>";
		};
		6450BE3B264000E700041C2A /* GesturesTests */ = {
			isa = PBXGroup;
			children = (
				6450BE3C264000E700041C2A /* GesturesTests.swift */,
				6450BE3E264000E700041C2A /* Info.plist */,
			);
			path = GesturesTests;
			sourceTree = "<group>";
		};
		6450BE46264000E700041C2A /* GesturesUITests */ = {
			isa = PBXGroup;
			children = (
				6450BE47264000E700041C2A /* GesturesUITests.swift */,
				6450BE49264000E700041C2A /* Info.plist */,
			);
			path = GesturesUITests;
			sourceTree = "<group>";
		};
/* End PBXGroup section */

/* Begin PBXNativeTarget section */
		6450BE26264000E600041C2A /* Gestures */ = {
			isa = PBXNativeTarget;
			buildConfigurationList = 6450BE4C264000E700041C2A /* Build configuration list for PBXNativeTarget "Gestures" */;
			buildPhases = (
				6450BE23264000E600041C2A /* Sources */,
				6450BE24264000E600041C2A /* Frameworks */,
				6450BE25264000E600041C2A /* Resources */,
			);
			buildRules = (
			);
			dependencies = (
			);
			name = Gestures;
			productName = Gestures;
			productReference = 6450BE27264000E600041C2A /* Gestures.app */;
			productType = "com.apple.product-type.application";
		};
		6450BE37264000E700041C2A /* GesturesTests */ = {
			isa = PBXNativeTarget;
			buildConfigurationList = 6450BE4F264000E700041C2A /* Build configuration list for PBXNativeTarget "GesturesTests" */;
			buildPhases = (
				6450BE34264000E700041C2A /* Sources */,
				6450BE35264000E700041C2A /* Frameworks */,
				6450BE36264000E700041C2A /* Resources */,
			);
			buildRules = (
			);
			dependencies = (
				6450BE3A264000E700041C2A /* PBXTargetDependency */,
			);
			name = GesturesTests;
			productName = GesturesTests;
			productReference = 6450BE38264000E700041C2A /* GesturesTests.xctest */;
			productType = "com.apple.product-type.bundle.unit-test";
		};
		6450BE42264000E700041C2A /* GesturesUITests */ = {
			isa = PBXNativeTarget;
			buildConfigurationList = 6450BE52264000E700041C2A /* Build configuration list for PBXNativeTarget "GesturesUITests" */;
			buildPhases = (
				6450BE3F264000E700041C2A /* Sources */,
				6450BE40264000E700041C2A /* Frameworks */,
				6450BE41264000E700041C2A /* Resources */,
			);
			buildRules = (
			);
			dependencies = (
				6450BE45264000E700041C2A /* PBXTargetDependency */,
			);
			name = GesturesUITests;
			productName = GesturesUITests;
			productReference = 6450BE43264000E700041C2A /* GesturesUITests.xctest */;
			productType = "com.apple.product-type.bundle.ui-testing";
		};
/* End PBXNativeTarget section */

/* Begin PBXProject section */
		6450BE1F264000E600041C2A /* Project object */ = {
			isa = PBXProject;
			attributes = {
				LastSwiftUpdateCheck = 1240;
				LastUpgradeCheck = 1240;
				TargetAttributes = {
					6450BE26264000E600041C2A = {
						CreatedOnToolsVersion = 12.4;
					};
					6450BE37264000E700041C2A = {
						CreatedOnToolsVersion = 12.4;
						TestTargetID = 6450BE26264000E600041C2A;
					};
					6450BE42264000E700041C2A = {
						CreatedOnToolsVersion = 12.4;
						TestTargetID = 6450BE26264000E600041C2A;
					};
				};
			};
			buildConfigurationList = 6450BE22264000E600041C2A /* Build configuration list for PBXProject "Gestures" */;
			compatibilityVersion = "Xcode 9.3";
			developmentRegion = en;
			hasScannedForEncodings = 0;
			knownRegions = (
				en,
				Base,
			);
			mainGroup = 6450BE1E264000E600041C2A;
			productRefGroup = 6450BE28264000E600041C2A /* Products */;
			projectDirPath = "";
			projectRoot = "";
			targets = (
				6450BE26264000E600041C2A /* Gestures */,
				6450BE37264000E700041C2A /* GesturesTests */,
				6450BE42264000E700041C2A /* GesturesUITests */,
			);
		};
/* End PBXProject section */

/* Begin PBXResourcesBuildPhase section */
		6450BE25264000E600041C2A /* Resources */ = {
			isa = PBXResourcesBuildPhase;
			buildActionMask = 2147483647;
			files = (
				6450BE32264000E700041C2A /* Preview Assets.xcassets in Resources */,
				6450BE2F264000E700041C2A /* Assets.xcassets in Resources */,
			);
			runOnlyForDeploymentPostprocessing = 0;
		};
		6450BE36264000E700041C2A /* Resources */ = {
			isa = PBXResourcesBuildPhase;
			buildActionMask = 2147483647;
			files = (
			);
			runOnlyForDeploymentPostprocessing = 0;
		};
		6450BE41264000E700041C2A /* Resources */ = {
			isa = PBXResourcesBuildPhase;
			buildActionMask = 2147483647;
			files = (
			);
			runOnlyForDeploymentPostprocessing = 0;
		};
/* End PBXResourcesBuildPhase section */

/* Begin PBXSourcesBuildPhase section */
		6450BE23264000E600041C2A /* Sources */ = {
			isa = PBXSourcesBuildPhase;
			buildActionMask = 2147483647;
			files = (
				6450BE7B26401A0E00041C2A /* Themes.swift in Sources */,
				6450BE6B2640012B00041C2A /* HomePage.swift in Sources */,
				6450BE2B264000E600041C2A /* GesturesApp.swift in Sources */,
				6450BE612640011500041C2A /* Container.swift in Sources */,
				6450BE70264001A700041C2A /* Models.swift in Sources */,
				6450BE662640011D00041C2A /* Main.swift in Sources */,
				6450BE59264000F400041C2A /* Service.swift in Sources */,
			);
			runOnlyForDeploymentPostprocessing = 0;
		};
		6450BE34264000E700041C2A /* Sources */ = {
			isa = PBXSourcesBuildPhase;
			buildActionMask = 2147483647;
			files = (
				6450BE3D264000E700041C2A /* GesturesTests.swift in Sources */,
			);
			runOnlyForDeploymentPostprocessing = 0;
		};
		6450BE3F264000E700041C2A /* Sources */ = {
			isa = PBXSourcesBuildPhase;
			buildActionMask = 2147483647;
			files = (
				6450BE48264000E700041C2A /* GesturesUITests.swift in Sources */,
			);
			runOnlyForDeploymentPostprocessing = 0;
		};
/* End PBXSourcesBuildPhase section */

/* Begin PBXTargetDependency section */
		6450BE3A264000E700041C2A /* PBXTargetDependency */ = {
			isa = PBXTargetDependency;
			target = 6450BE26264000E600041C2A /* Gestures */;
			targetProxy = 6450BE39264000E700041C2A /* PBXContainerItemProxy */;
		};
		6450BE45264000E700041C2A /* PBXTargetDependency */ = {
			isa = PBXTargetDependency;
			target = 6450BE26264000E600041C2A /* Gestures */;
			targetProxy = 6450BE44264000E700041C2A /* PBXContainerItemProxy */;
		};
/* End PBXTargetDependency section */

/* Begin XCBuildConfiguration section */
		6450BE4A264000E700041C2A /* Debug */ = {
			isa = XCBuildConfiguration;
			buildSettings = {
				ALWAYS_SEARCH_USER_PATHS = NO;
				CLANG_ANALYZER_NONNULL = YES;
				CLANG_ANALYZER_NUMBER_OBJECT_CONVERSION = YES_AGGRESSIVE;
				CLANG_CXX_LANGUAGE_STANDARD = "gnu++14";
				CLANG_CXX_LIBRARY = "libc++";
				CLANG_ENABLE_MODULES = YES;
				CLANG_ENABLE_OBJC_ARC = YES;
				CLANG_ENABLE_OBJC_WEAK = YES;
				CLANG_WARN_BLOCK_CAPTURE_AUTORELEASING = YES;
				CLANG_WARN_BOOL_CONVERSION = YES;
				CLANG_WARN_COMMA = YES;
				CLANG_WARN_CONSTANT_CONVERSION = YES;
				CLANG_WARN_DEPRECATED_OBJC_IMPLEMENTATIONS = YES;
				CLANG_WARN_DIRECT_OBJC_ISA_USAGE = YES_ERROR;
				CLANG_WARN_DOCUMENTATION_COMMENTS = YES;
				CLANG_WARN_EMPTY_BODY = YES;
				CLANG_WARN_ENUM_CONVERSION = YES;
				CLANG_WARN_INFINITE_RECURSION = YES;
				CLANG_WARN_INT_CONVERSION = YES;
				CLANG_WARN_NON_LITERAL_NULL_CONVERSION = YES;
				CLANG_WARN_OBJC_IMPLICIT_RETAIN_SELF = YES;
				CLANG_WARN_OBJC_LITERAL_CONVERSION = YES;
				CLANG_WARN_OBJC_ROOT_CLASS = YES_ERROR;
				CLANG_WARN_QUOTED_INCLUDE_IN_FRAMEWORK_HEADER = YES;
				CLANG_WARN_RANGE_LOOP_ANALYSIS = YES;
				CLANG_WARN_STRICT_PROTOTYPES = YES;
				CLANG_WARN_SUSPICIOUS_MOVE = YES;
				CLANG_WARN_UNGUARDED_AVAILABILITY = YES_AGGRESSIVE;
				CLANG_WARN_UNREACHABLE_CODE = YES;
				CLANG_WARN__DUPLICATE_METHOD_MATCH = YES;
				COPY_PHASE_STRIP = NO;
				DEBUG_INFORMATION_FORMAT = dwarf;
				ENABLE_STRICT_OBJC_MSGSEND = YES;
				ENABLE_TESTABILITY = YES;
				GCC_C_LANGUAGE_STANDARD = gnu11;
				GCC_DYNAMIC_NO_PIC = NO;
				GCC_NO_COMMON_BLOCKS = YES;
				GCC_OPTIMIZATION_LEVEL = 0;
				GCC_PREPROCESSOR_DEFINITIONS = (
					"DEBUG=1",
					"$(inherited)",
				);
				GCC_WARN_64_TO_32_BIT_CONVERSION = YES;
				GCC_WARN_ABOUT_RETURN_TYPE = YES_ERROR;
				GCC_WARN_UNDECLARED_SELECTOR = YES;
				GCC_WARN_UNINITIALIZED_AUTOS = YES_AGGRESSIVE;
				GCC_WARN_UNUSED_FUNCTION = YES;
				GCC_WARN_UNUSED_VARIABLE = YES;
				IPHONEOS_DEPLOYMENT_TARGET = 14.4;
				MTL_ENABLE_DEBUG_INFO = INCLUDE_SOURCE;
				MTL_FAST_MATH = YES;
				ONLY_ACTIVE_ARCH = YES;
				SDKROOT = iphoneos;
				SWIFT_ACTIVE_COMPILATION_CONDITIONS = DEBUG;
				SWIFT_OPTIMIZATION_LEVEL = "-Onone";
			};
			name = Debug;
		};
		6450BE4B264000E700041C2A /* Release */ = {
			isa = XCBuildConfiguration;
			buildSettings = {
				ALWAYS_SEARCH_USER_PATHS = NO;
				CLANG_ANALYZER_NONNULL = YES;
				CLANG_ANALYZER_NUMBER_OBJECT_CONVERSION = YES_AGGRESSIVE;
				CLANG_CXX_LANGUAGE_STANDARD = "gnu++14";
				CLANG_CXX_LIBRARY = "libc++";
				CLANG_ENABLE_MODULES = YES;
				CLANG_ENABLE_OBJC_ARC = YES;
				CLANG_ENABLE_OBJC_WEAK = YES;
				CLANG_WARN_BLOCK_CAPTURE_AUTORELEASING = YES;
				CLANG_WARN_BOOL_CONVERSION = YES;
				CLANG_WARN_COMMA = YES;
				CLANG_WARN_CONSTANT_CONVERSION = YES;
				CLANG_WARN_DEPRECATED_OBJC_IMPLEMENTATIONS = YES;
				CLANG_WARN_DIRECT_OBJC_ISA_USAGE = YES_ERROR;
				CLANG_WARN_DOCUMENTATION_COMMENTS = YES;
				CLANG_WARN_EMPTY_BODY = YES;
				CLANG_WARN_ENUM_CONVERSION = YES;
				CLANG_WARN_INFINITE_RECURSION = YES;
				CLANG_WARN_INT_CONVERSION = YES;
				CLANG_WARN_NON_LITERAL_NULL_CONVERSION = YES;
				CLANG_WARN_OBJC_IMPLICIT_RETAIN_SELF = YES;
				CLANG_WARN_OBJC_LITERAL_CONVERSION = YES;
				CLANG_WARN_OBJC_ROOT_CLASS = YES_ERROR;
				CLANG_WARN_QUOTED_INCLUDE_IN_FRAMEWORK_HEADER = YES;
				CLANG_WARN_RANGE_LOOP_ANALYSIS = YES;
				CLANG_WARN_STRICT_PROTOTYPES = YES;
				CLANG_WARN_SUSPICIOUS_MOVE = YES;
				CLANG_WARN_UNGUARDED_AVAILABILITY = YES_AGGRESSIVE;
				CLANG_WARN_UNREACHABLE_CODE = YES;
				CLANG_WARN__DUPLICATE_METHOD_MATCH = YES;
				COPY_PHASE_STRIP = NO;
				DEBUG_INFORMATION_FORMAT = "dwarf-with-dsym";
				ENABLE_NS_ASSERTIONS = NO;
				ENABLE_STRICT_OBJC_MSGSEND = YES;
				GCC_C_LANGUAGE_STANDARD = gnu11;
				GCC_NO_COMMON_BLOCKS = YES;
				GCC_WARN_64_TO_32_BIT_CONVERSION = YES;
				GCC_WARN_ABOUT_RETURN_TYPE = YES_ERROR;
				GCC_WARN_UNDECLARED_SELECTOR = YES;
				GCC_WARN_UNINITIALIZED_AUTOS = YES_AGGRESSIVE;
				GCC_WARN_UNUSED_FUNCTION = YES;
				GCC_WARN_UNUSED_VARIABLE = YES;
				IPHONEOS_DEPLOYMENT_TARGET = 14.4;
				MTL_ENABLE_DEBUG_INFO = NO;
				MTL_FAST_MATH = YES;
				SDKROOT = iphoneos;
				SWIFT_COMPILATION_MODE = wholemodule;
				SWIFT_OPTIMIZATION_LEVEL = "-O";
				VALIDATE_PRODUCT = YES;
			};
			name = Release;
		};
		6450BE4D264000E700041C2A /* Debug */ = {
			isa = XCBuildConfiguration;
			buildSettings = {
				ASSETCATALOG_COMPILER_APPICON_NAME = AppIcon;
				ASSETCATALOG_COMPILER_GLOBAL_ACCENT_COLOR_NAME = AccentColor;
				CODE_SIGN_STYLE = Automatic;
				DEVELOPMENT_ASSET_PATHS = "\"Gestures/Preview Content\"";
				DEVELOPMENT_TEAM = G9ZJ6836UZ;
				ENABLE_PREVIEWS = YES;
				INFOPLIST_FILE = Gestures/Info.plist;
				IPHONEOS_DEPLOYMENT_TARGET = 14.0;
				LD_RUNPATH_SEARCH_PATHS = (
					"$(inherited)",
					"@executable_path/Frameworks",
				);
				PRODUCT_BUNDLE_IDENTIFIER = barnes.Gestures;
				PRODUCT_NAME = "$(TARGET_NAME)";
				SWIFT_VERSION = 5.0;
				TARGETED_DEVICE_FAMILY = "1,2";
			};
			name = Debug;
		};
		6450BE4E264000E700041C2A /* Release */ = {
			isa = XCBuildConfiguration;
			buildSettings = {
				ASSETCATALOG_COMPILER_APPICON_NAME = AppIcon;
				ASSETCATALOG_COMPILER_GLOBAL_ACCENT_COLOR_NAME = AccentColor;
				CODE_SIGN_STYLE = Automatic;
				DEVELOPMENT_ASSET_PATHS = "\"Gestures/Preview Content\"";
				DEVELOPMENT_TEAM = G9ZJ6836UZ;
				ENABLE_PREVIEWS = YES;
				INFOPLIST_FILE = Gestures/Info.plist;
				IPHONEOS_DEPLOYMENT_TARGET = 14.0;
				LD_RUNPATH_SEARCH_PATHS = (
					"$(inherited)",
					"@executable_path/Frameworks",
				);
				PRODUCT_BUNDLE_IDENTIFIER = barnes.Gestures;
				PRODUCT_NAME = "$(TARGET_NAME)";
				SWIFT_VERSION = 5.0;
				TARGETED_DEVICE_FAMILY = "1,2";
			};
			name = Release;
		};
		6450BE50264000E700041C2A /* Debug */ = {
			isa = XCBuildConfiguration;
			buildSettings = {
				ALWAYS_EMBED_SWIFT_STANDARD_LIBRARIES = YES;
				BUNDLE_LOADER = "$(TEST_HOST)";
				CODE_SIGN_STYLE = Automatic;
				DEVELOPMENT_TEAM = G9ZJ6836UZ;
				INFOPLIST_FILE = GesturesTests/Info.plist;
				IPHONEOS_DEPLOYMENT_TARGET = 14.0;
				LD_RUNPATH_SEARCH_PATHS = (
					"$(inherited)",
					"@executable_path/Frameworks",
					"@loader_path/Frameworks",
				);
				PRODUCT_BUNDLE_IDENTIFIER = barnes.GesturesTests;
				PRODUCT_NAME = "$(TARGET_NAME)";
				SWIFT_VERSION = 5.0;
				TARGETED_DEVICE_FAMILY = "1,2";
				TEST_HOST = "$(BUILT_PRODUCTS_DIR)/Gestures.app/Gestures";
			};
			name = Debug;
		};
		6450BE51264000E700041C2A /* Release */ = {
			isa = XCBuildConfiguration;
			buildSettings = {
				ALWAYS_EMBED_SWIFT_STANDARD_LIBRARIES = YES;
				BUNDLE_LOADER = "$(TEST_HOST)";
				CODE_SIGN_STYLE = Automatic;
				DEVELOPMENT_TEAM = G9ZJ6836UZ;
				INFOPLIST_FILE = GesturesTests/Info.plist;
				IPHONEOS_DEPLOYMENT_TARGET = 14.0;
				LD_RUNPATH_SEARCH_PATHS = (
					"$(inherited)",
					"@executable_path/Frameworks",
					"@loader_path/Frameworks",
				);
				PRODUCT_BUNDLE_IDENTIFIER = barnes.GesturesTests;
				PRODUCT_NAME = "$(TARGET_NAME)";
				SWIFT_VERSION = 5.0;
				TARGETED_DEVICE_FAMILY = "1,2";
				TEST_HOST = "$(BUILT_PRODUCTS_DIR)/Gestures.app/Gestures";
			};
			name = Release;
		};
		6450BE53264000E700041C2A /* Debug */ = {
			isa = XCBuildConfiguration;
			buildSettings = {
				ALWAYS_EMBED_SWIFT_STANDARD_LIBRARIES = YES;
				CODE_SIGN_STYLE = Automatic;
				DEVELOPMENT_TEAM = G9ZJ6836UZ;
				INFOPLIST_FILE = GesturesUITests/Info.plist;
				LD_RUNPATH_SEARCH_PATHS = (
					"$(inherited)",
					"@executable_path/Frameworks",
					"@loader_path/Frameworks",
				);
				PRODUCT_BUNDLE_IDENTIFIER = barnes.GesturesUITests;
				PRODUCT_NAME = "$(TARGET_NAME)";
				SWIFT_VERSION = 5.0;
				TARGETED_DEVICE_FAMILY = "1,2";
				TEST_TARGET_NAME = Gestures;
			};
			name = Debug;
		};
		6450BE54264000E700041C2A /* Release */ = {
			isa = XCBuildConfiguration;
			buildSettings = {
				ALWAYS_EMBED_SWIFT_STANDARD_LIBRARIES = YES;
				CODE_SIGN_STYLE = Automatic;
				DEVELOPMENT_TEAM = G9ZJ6836UZ;
				INFOPLIST_FILE = GesturesUITests/Info.plist;
				LD_RUNPATH_SEARCH_PATHS = (
					"$(inherited)",
					"@executable_path/Frameworks",
					"@loader_path/Frameworks",
				);
				PRODUCT_BUNDLE_IDENTIFIER = barnes.GesturesUITests;
				PRODUCT_NAME = "$(TARGET_NAME)";
				SWIFT_VERSION = 5.0;
				TARGETED_DEVICE_FAMILY = "1,2";
				TEST_TARGET_NAME = Gestures;
			};
			name = Release;
		};
/* End XCBuildConfiguration section */

/* Begin XCConfigurationList section */
		6450BE22264000E600041C2A /* Build configuration list for PBXProject "Gestures" */ = {
			isa = XCConfigurationList;
			buildConfigurations = (
				6450BE4A264000E700041C2A /* Debug */,
				6450BE4B264000E700041C2A /* Release */,
			);
			defaultConfigurationIsVisible = 0;
			defaultConfigurationName = Release;
		};
		6450BE4C264000E700041C2A /* Build configuration list for PBXNativeTarget "Gestures" */ = {
			isa = XCConfigurationList;
			buildConfigurations = (
				6450BE4D264000E700041C2A /* Debug */,
				6450BE4E264000E700041C2A /* Release */,
			);
			defaultConfigurationIsVisible = 0;
			defaultConfigurationName = Release;
		};
		6450BE4F264000E700041C2A /* Build configuration list for PBXNativeTarget "GesturesTests" */ = {
			isa = XCConfigurationList;
			buildConfigurations = (
				6450BE50264000E700041C2A /* Debug */,
				6450BE51264000E700041C2A /* Release */,
			);
			defaultConfigurationIsVisible = 0;
			defaultConfigurationName = Release;
		};
		6450BE52264000E700041C2A /* Build configuration list for PBXNativeTarget "GesturesUITests" */ = {
			isa = XCConfigurationList;
			buildConfigurations = (
				6450BE53264000E700041C2A /* Debug */,
				6450BE54264000E700041C2A /* Release */,
			);
			defaultConfigurationIsVisible = 0;
			defaultConfigurationName = Release;
		};
/* End XCConfigurationList section */
	};
	rootObject = 6450BE1F264000E600041C2A /* Project object */;
}
